// !$*UTF8*$!
{
	archiveVersion = 1;
	classes = {
	};
	objectVersion = 46;
	objects = {

/* Begin PBXBuildFile section */
		BD2573111E71E6ED0057EABD /* FileManager.swift in Sources */ = {isa = PBXBuildFile; fileRef = BD2573101E71E6ED0057EABD /* FileManager.swift */; };
		BD2573161E71FC8E0057EABD /* ProjectPlugin.swift in Sources */ = {isa = PBXBuildFile; fileRef = BD2573151E71FC8E0057EABD /* ProjectPlugin.swift */; };
		BD5337C91E72913000730781 /* DirectoryWatcher.swift in Sources */ = {isa = PBXBuildFile; fileRef = BD5337C81E72913000730781 /* DirectoryWatcher.swift */; };
		BDF9A8561E71D48E00E184BF /* Assets.xcassets in Resources */ = {isa = PBXBuildFile; fileRef = BDF9A8501E71D48E00E184BF /* Assets.xcassets */; };
		BDF9A8571E71D48E00E184BF /* MainMenu.xib in Resources */ = {isa = PBXBuildFile; fileRef = BDF9A8511E71D48E00E184BF /* MainMenu.xib */; };
		BDF9A8591E71D48E00E184BF /* AppDelegate.swift in Sources */ = {isa = PBXBuildFile; fileRef = BDF9A8551E71D48E00E184BF /* AppDelegate.swift */; };
		BDF9A8691E71D64800E184BF /* PluginLoader.swift in Sources */ = {isa = PBXBuildFile; fileRef = BDF9A8681E71D64800E184BF /* PluginLoader.swift */; };
/* End PBXBuildFile section */

/* Begin PBXFileReference section */
		BD2573101E71E6ED0057EABD /* FileManager.swift */ = {isa = PBXFileReference; fileEncoding = 4; lastKnownFileType = sourcecode.swift; path = FileManager.swift; sourceTree = "<group>"; };
		BD2573151E71FC8E0057EABD /* ProjectPlugin.swift */ = {isa = PBXFileReference; fileEncoding = 4; lastKnownFileType = sourcecode.swift; path = ProjectPlugin.swift; sourceTree = "<group>"; };
		BD5337C61E7214BD00730781 /* Protocols.h */ = {isa = PBXFileReference; fileEncoding = 4; lastKnownFileType = sourcecode.c.h; path = Protocols.h; sourceTree = "<group>"; };
		BD5337C71E72169400730781 /* Goldfish-Bridging-Header.h */ = {isa = PBXFileReference; lastKnownFileType = sourcecode.c.h; path = "Goldfish-Bridging-Header.h"; sourceTree = "<group>"; };
		BD5337C81E72913000730781 /* DirectoryWatcher.swift */ = {isa = PBXFileReference; fileEncoding = 4; lastKnownFileType = sourcecode.swift; path = DirectoryWatcher.swift; sourceTree = "<group>"; };
		BDF9A83D1E71D23B00E184BF /* Goldfish.app */ = {isa = PBXFileReference; explicitFileType = wrapper.application; includeInIndex = 0; path = Goldfish.app; sourceTree = BUILT_PRODUCTS_DIR; };
		BDF9A8501E71D48E00E184BF /* Assets.xcassets */ = {isa = PBXFileReference; lastKnownFileType = folder.assetcatalog; path = Assets.xcassets; sourceTree = "<group>"; };
		BDF9A8521E71D48E00E184BF /* Base */ = {isa = PBXFileReference; lastKnownFileType = file.xib; name = Base; path = Base.lproj/MainMenu.xib; sourceTree = "<group>"; };
		BDF9A8531E71D48E00E184BF /* Info.plist */ = {isa = PBXFileReference; fileEncoding = 4; lastKnownFileType = text.plist.xml; path = Info.plist; sourceTree = "<group>"; };
		BDF9A8551E71D48E00E184BF /* AppDelegate.swift */ = {isa = PBXFileReference; fileEncoding = 4; lastKnownFileType = sourcecode.swift; path = AppDelegate.swift; sourceTree = "<group>"; };
		BDF9A85E1E71D60200E184BF /* Project.bundle */ = {isa = PBXFileReference; explicitFileType = wrapper.cfbundle; includeInIndex = 0; path = Project.bundle; sourceTree = BUILT_PRODUCTS_DIR; };
		BDF9A8661E71D62A00E184BF /* Info.plist */ = {isa = PBXFileReference; fileEncoding = 4; lastKnownFileType = text.plist.xml; path = Info.plist; sourceTree = "<group>"; };
		BDF9A8681E71D64800E184BF /* PluginLoader.swift */ = {isa = PBXFileReference; fileEncoding = 4; lastKnownFileType = sourcecode.swift; path = PluginLoader.swift; sourceTree = "<group>"; };
/* End PBXFileReference section */

/* Begin PBXFrameworksBuildPhase section */
		BDF9A83A1E71D23B00E184BF /* Frameworks */ = {
			isa = PBXFrameworksBuildPhase;
			buildActionMask = 2147483647;
			files = (
			);
			runOnlyForDeploymentPostprocessing = 0;
		};
		BDF9A85B1E71D60200E184BF /* Frameworks */ = {
			isa = PBXFrameworksBuildPhase;
			buildActionMask = 2147483647;
			files = (
			);
			runOnlyForDeploymentPostprocessing = 0;
		};
/* End PBXFrameworksBuildPhase section */

/* Begin PBXGroup section */
		BDF9A8341E71D23B00E184BF = {
			isa = PBXGroup;
			children = (
				BDF9A84F1E71D48E00E184BF /* Resources */,
				BDF9A8541E71D48E00E184BF /* Sources */,
				BDF9A83E1E71D23B00E184BF /* Products */,
				BDF9A8641E71D62A00E184BF /* Bundles */,
			);
			sourceTree = "<group>";
		};
		BDF9A83E1E71D23B00E184BF /* Products */ = {
			isa = PBXGroup;
			children = (
				BDF9A83D1E71D23B00E184BF /* Goldfish.app */,
				BDF9A85E1E71D60200E184BF /* Project.bundle */,
			);
			name = Products;
			sourceTree = "<group>";
		};
		BDF9A84F1E71D48E00E184BF /* Resources */ = {
			isa = PBXGroup;
			children = (
				BDF9A8501E71D48E00E184BF /* Assets.xcassets */,
				BDF9A8511E71D48E00E184BF /* MainMenu.xib */,
				BDF9A8531E71D48E00E184BF /* Info.plist */,
			);
			path = Resources;
			sourceTree = "<group>";
		};
		BDF9A8541E71D48E00E184BF /* Sources */ = {
			isa = PBXGroup;
			children = (
				BDF9A8551E71D48E00E184BF /* AppDelegate.swift */,
				BDF9A8681E71D64800E184BF /* PluginLoader.swift */,
				BD2573101E71E6ED0057EABD /* FileManager.swift */,
				BD5337C61E7214BD00730781 /* Protocols.h */,
				BD5337C71E72169400730781 /* Goldfish-Bridging-Header.h */,
				BD5337C81E72913000730781 /* DirectoryWatcher.swift */,
			);
			path = Sources;
			sourceTree = "<group>";
		};
		BDF9A8641E71D62A00E184BF /* Bundles */ = {
			isa = PBXGroup;
			children = (
				BDF9A8651E71D62A00E184BF /* Project */,
			);
			path = Bundles;
			sourceTree = "<group>";
		};
		BDF9A8651E71D62A00E184BF /* Project */ = {
			isa = PBXGroup;
			children = (
				BDF9A8661E71D62A00E184BF /* Info.plist */,
				BD2573151E71FC8E0057EABD /* ProjectPlugin.swift */,
			);
			path = Project;
			sourceTree = "<group>";
		};
/* End PBXGroup section */

/* Begin PBXNativeTarget section */
		BDF9A83C1E71D23B00E184BF /* Goldfish */ = {
			isa = PBXNativeTarget;
			buildConfigurationList = BDF9A84A1E71D23B00E184BF /* Build configuration list for PBXNativeTarget "Goldfish" */;
			buildPhases = (
				BDF9A8391E71D23B00E184BF /* Sources */,
				BDF9A83A1E71D23B00E184BF /* Frameworks */,
				BDF9A83B1E71D23B00E184BF /* Resources */,
			);
			buildRules = (
			);
			dependencies = (
			);
			name = Goldfish;
			productName = Goldfish;
			productReference = BDF9A83D1E71D23B00E184BF /* Goldfish.app */;
			productType = "com.apple.product-type.application";
		};
		BDF9A85D1E71D60200E184BF /* Project */ = {
			isa = PBXNativeTarget;
			buildConfigurationList = BDF9A8631E71D60200E184BF /* Build configuration list for PBXNativeTarget "Project" */;
			buildPhases = (
				BDF9A85A1E71D60200E184BF /* Sources */,
				BDF9A85B1E71D60200E184BF /* Frameworks */,
				BDF9A85C1E71D60200E184BF /* Resources */,
			);
			buildRules = (
			);
			dependencies = (
			);
			name = Project;
			productName = Project;
			productReference = BDF9A85E1E71D60200E184BF /* Project.bundle */;
			productType = "com.apple.product-type.bundle";
		};
/* End PBXNativeTarget section */

/* Begin PBXProject section */
		BDF9A8351E71D23B00E184BF /* Project object */ = {
			isa = PBXProject;
			attributes = {
				LastSwiftUpdateCheck = 0820;
				LastUpgradeCheck = 0820;
				ORGANIZATIONNAME = "Christoffer Winterkvist";
				TargetAttributes = {
					BDF9A83C1E71D23B00E184BF = {
						CreatedOnToolsVersion = 8.2.1;
						DevelopmentTeam = XVAH95CHDC;
						ProvisioningStyle = Automatic;
					};
					BDF9A85D1E71D60200E184BF = {
						CreatedOnToolsVersion = 8.2.1;
						DevelopmentTeam = XVAH95CHDC;
						LastSwiftMigration = 0820;
						ProvisioningStyle = Automatic;
					};
				};
			};
			buildConfigurationList = BDF9A8381E71D23B00E184BF /* Build configuration list for PBXProject "Goldfish" */;
			compatibilityVersion = "Xcode 3.2";
			developmentRegion = English;
			hasScannedForEncodings = 0;
			knownRegions = (
				en,
				Base,
			);
			mainGroup = BDF9A8341E71D23B00E184BF;
			productRefGroup = BDF9A83E1E71D23B00E184BF /* Products */;
			projectDirPath = "";
			projectRoot = "";
			targets = (
				BDF9A83C1E71D23B00E184BF /* Goldfish */,
				BDF9A85D1E71D60200E184BF /* Project */,
			);
		};
/* End PBXProject section */

/* Begin PBXResourcesBuildPhase section */
		BDF9A83B1E71D23B00E184BF /* Resources */ = {
			isa = PBXResourcesBuildPhase;
			buildActionMask = 2147483647;
			files = (
				BDF9A8561E71D48E00E184BF /* Assets.xcassets in Resources */,
				BDF9A8571E71D48E00E184BF /* MainMenu.xib in Resources */,
			);
			runOnlyForDeploymentPostprocessing = 0;
		};
		BDF9A85C1E71D60200E184BF /* Resources */ = {
			isa = PBXResourcesBuildPhase;
			buildActionMask = 2147483647;
			files = (
			);
			runOnlyForDeploymentPostprocessing = 0;
		};
/* End PBXResourcesBuildPhase section */

/* Begin PBXSourcesBuildPhase section */
		BDF9A8391E71D23B00E184BF /* Sources */ = {
			isa = PBXSourcesBuildPhase;
			buildActionMask = 2147483647;
			files = (
				BD2573111E71E6ED0057EABD /* FileManager.swift in Sources */,
				BDF9A8591E71D48E00E184BF /* AppDelegate.swift in Sources */,
				BD5337C91E72913000730781 /* DirectoryWatcher.swift in Sources */,
				BDF9A8691E71D64800E184BF /* PluginLoader.swift in Sources */,
			);
			runOnlyForDeploymentPostprocessing = 0;
		};
		BDF9A85A1E71D60200E184BF /* Sources */ = {
			isa = PBXSourcesBuildPhase;
			buildActionMask = 2147483647;
			files = (
				BD2573161E71FC8E0057EABD /* ProjectPlugin.swift in Sources */,
			);
			runOnlyForDeploymentPostprocessing = 0;
		};
/* End PBXSourcesBuildPhase section */

/* Begin PBXVariantGroup section */
		BDF9A8511E71D48E00E184BF /* MainMenu.xib */ = {
			isa = PBXVariantGroup;
			children = (
				BDF9A8521E71D48E00E184BF /* Base */,
			);
			name = MainMenu.xib;
			sourceTree = "<group>";
		};
/* End PBXVariantGroup section */

/* Begin XCBuildConfiguration section */
		BDF9A8481E71D23B00E184BF /* Debug */ = {
			isa = XCBuildConfiguration;
			buildSettings = {
				ALWAYS_SEARCH_USER_PATHS = NO;
				CLANG_ANALYZER_NONNULL = YES;
				CLANG_CXX_LANGUAGE_STANDARD = "gnu++0x";
				CLANG_CXX_LIBRARY = "libc++";
				CLANG_ENABLE_MODULES = YES;
				CLANG_ENABLE_OBJC_ARC = YES;
				CLANG_WARN_BOOL_CONVERSION = YES;
				CLANG_WARN_CONSTANT_CONVERSION = YES;
				CLANG_WARN_DIRECT_OBJC_ISA_USAGE = YES_ERROR;
				CLANG_WARN_DOCUMENTATION_COMMENTS = YES;
				CLANG_WARN_EMPTY_BODY = YES;
				CLANG_WARN_ENUM_CONVERSION = YES;
				CLANG_WARN_INFINITE_RECURSION = YES;
				CLANG_WARN_INT_CONVERSION = YES;
				CLANG_WARN_OBJC_ROOT_CLASS = YES_ERROR;
				CLANG_WARN_SUSPICIOUS_MOVE = YES;
				CLANG_WARN_UNREACHABLE_CODE = YES;
				CLANG_WARN__DUPLICATE_METHOD_MATCH = YES;
				CODE_SIGN_IDENTITY = "-";
				COPY_PHASE_STRIP = NO;
				DEBUG_INFORMATION_FORMAT = dwarf;
				ENABLE_STRICT_OBJC_MSGSEND = YES;
				ENABLE_TESTABILITY = YES;
				GCC_C_LANGUAGE_STANDARD = gnu99;
				GCC_DYNAMIC_NO_PIC = NO;
				GCC_NO_COMMON_BLOCKS = YES;
				GCC_OPTIMIZATION_LEVEL = 0;
				GCC_PREPROCESSOR_DEFINITIONS = (
					"DEBUG=1",
					"$(inherited)",
				);
				GCC_WARN_64_TO_32_BIT_CONVERSION = YES;
				GCC_WARN_ABOUT_RETURN_TYPE = YES_ERROR;
				GCC_WARN_UNDECLARED_SELECTOR = YES;
				GCC_WARN_UNINITIALIZED_AUTOS = YES_AGGRESSIVE;
				GCC_WARN_UNUSED_FUNCTION = YES;
				GCC_WARN_UNUSED_VARIABLE = YES;
				MACOSX_DEPLOYMENT_TARGET = 10.12;
				MTL_ENABLE_DEBUG_INFO = YES;
				ONLY_ACTIVE_ARCH = YES;
				SDKROOT = macosx;
				SWIFT_ACTIVE_COMPILATION_CONDITIONS = DEBUG;
				SWIFT_OPTIMIZATION_LEVEL = "-Onone";
			};
			name = Debug;
		};
		BDF9A8491E71D23B00E184BF /* Release */ = {
			isa = XCBuildConfiguration;
			buildSettings = {
				ALWAYS_SEARCH_USER_PATHS = NO;
				CLANG_ANALYZER_NONNULL = YES;
				CLANG_CXX_LANGUAGE_STANDARD = "gnu++0x";
				CLANG_CXX_LIBRARY = "libc++";
				CLANG_ENABLE_MODULES = YES;
				CLANG_ENABLE_OBJC_ARC = YES;
				CLANG_WARN_BOOL_CONVERSION = YES;
				CLANG_WARN_CONSTANT_CONVERSION = YES;
				CLANG_WARN_DIRECT_OBJC_ISA_USAGE = YES_ERROR;
				CLANG_WARN_DOCUMENTATION_COMMENTS = YES;
				CLANG_WARN_EMPTY_BODY = YES;
				CLANG_WARN_ENUM_CONVERSION = YES;
				CLANG_WARN_INFINITE_RECURSION = YES;
				CLANG_WARN_INT_CONVERSION = YES;
				CLANG_WARN_OBJC_ROOT_CLASS = YES_ERROR;
				CLANG_WARN_SUSPICIOUS_MOVE = YES;
				CLANG_WARN_UNREACHABLE_CODE = YES;
				CLANG_WARN__DUPLICATE_METHOD_MATCH = YES;
				CODE_SIGN_IDENTITY = "-";
				COPY_PHASE_STRIP = NO;
				DEBUG_INFORMATION_FORMAT = "dwarf-with-dsym";
				ENABLE_NS_ASSERTIONS = NO;
				ENABLE_STRICT_OBJC_MSGSEND = YES;
				GCC_C_LANGUAGE_STANDARD = gnu99;
				GCC_NO_COMMON_BLOCKS = YES;
				GCC_WARN_64_TO_32_BIT_CONVERSION = YES;
				GCC_WARN_ABOUT_RETURN_TYPE = YES_ERROR;
				GCC_WARN_UNDECLARED_SELECTOR = YES;
				GCC_WARN_UNINITIALIZED_AUTOS = YES_AGGRESSIVE;
				GCC_WARN_UNUSED_FUNCTION = YES;
				GCC_WARN_UNUSED_VARIABLE = YES;
				MACOSX_DEPLOYMENT_TARGET = 10.12;
				MTL_ENABLE_DEBUG_INFO = NO;
				SDKROOT = macosx;
				SWIFT_OPTIMIZATION_LEVEL = "-Owholemodule";
			};
			name = Release;
		};
		BDF9A84B1E71D23B00E184BF /* Debug */ = {
			isa = XCBuildConfiguration;
			buildSettings = {
				ASSETCATALOG_COMPILER_APPICON_NAME = AppIcon;
				COMBINE_HIDPI_IMAGES = YES;
				DEVELOPMENT_TEAM = XVAH95CHDC;
				INFOPLIST_FILE = Resources/Info.plist;
				LD_RUNPATH_SEARCH_PATHS = "$(inherited) @executable_path/../Frameworks";
				PRODUCT_BUNDLE_IDENTIFIER = no.hyper.Goldfish;
				PRODUCT_NAME = "$(TARGET_NAME)";
				SWIFT_OBJC_BRIDGING_HEADER = "Sources/Goldfish-Bridging-Header.h";
				SWIFT_VERSION = 3.0;
			};
			name = Debug;
		};
		BDF9A84C1E71D23B00E184BF /* Release */ = {
			isa = XCBuildConfiguration;
			buildSettings = {
				ASSETCATALOG_COMPILER_APPICON_NAME = AppIcon;
				COMBINE_HIDPI_IMAGES = YES;
				DEVELOPMENT_TEAM = XVAH95CHDC;
				INFOPLIST_FILE = Resources/Info.plist;
				LD_RUNPATH_SEARCH_PATHS = "$(inherited) @executable_path/../Frameworks";
				PRODUCT_BUNDLE_IDENTIFIER = no.hyper.Goldfish;
				PRODUCT_NAME = "$(TARGET_NAME)";
				SWIFT_OBJC_BRIDGING_HEADER = "Sources/Goldfish-Bridging-Header.h";
				SWIFT_VERSION = 3.0;
			};
			name = Release;
		};
		BDF9A8611E71D60200E184BF /* Debug */ = {
			isa = XCBuildConfiguration;
			buildSettings = {
				CLANG_ENABLE_MODULES = YES;
				COMBINE_HIDPI_IMAGES = YES;
				DEVELOPMENT_TEAM = XVAH95CHDC;
				INFOPLIST_FILE = "$(SRCROOT)/Bundles/Project/Info.plist";
				INSTALL_PATH = "$(LOCAL_LIBRARY_DIR)/Bundles";
				LD_RUNPATH_SEARCH_PATHS = "$(inherited) @executable_path/../Frameworks @loader_path/../Frameworks";
				PRODUCT_BUNDLE_IDENTIFIER = no.hyper.Goldfish.Project;
				PRODUCT_NAME = "$(TARGET_NAME)";
				SKIP_INSTALL = YES;
				SWIFT_OBJC_BRIDGING_HEADER = "Sources/Goldfish-Bridging-Header.h";
				SWIFT_OPTIMIZATION_LEVEL = "-Onone";
				SWIFT_VERSION = 3.0;
				WRAPPER_EXTENSION = bundle;
			};
			name = Debug;
		};
		BDF9A8621E71D60200E184BF /* Release */ = {
			isa = XCBuildConfiguration;
			buildSettings = {
				CLANG_ENABLE_MODULES = YES;
				COMBINE_HIDPI_IMAGES = YES;
				DEVELOPMENT_TEAM = XVAH95CHDC;
				INFOPLIST_FILE = "$(SRCROOT)/Bundles/Project/Info.plist";
				INSTALL_PATH = "$(LOCAL_LIBRARY_DIR)/Bundles";
				LD_RUNPATH_SEARCH_PATHS = "$(inherited) @executable_path/../Frameworks @loader_path/../Frameworks";
				PRODUCT_BUNDLE_IDENTIFIER = no.hyper.Goldfish.Project;
				PRODUCT_NAME = "$(TARGET_NAME)";
				SKIP_INSTALL = YES;
				SWIFT_OBJC_BRIDGING_HEADER = "Sources/Goldfish-Bridging-Header.h";
				SWIFT_VERSION = 3.0;
				WRAPPER_EXTENSION = bundle;
			};
			name = Release;
		};
/* End XCBuildConfiguration section */

/* Begin XCConfigurationList section */
		BDF9A8381E71D23B00E184BF /* Build configuration list for PBXProject "Goldfish" */ = {
			isa = XCConfigurationList;
			buildConfigurations = (
				BDF9A8481E71D23B00E184BF /* Debug */,
				BDF9A8491E71D23B00E184BF /* Release */,
			);
			defaultConfigurationIsVisible = 0;
			defaultConfigurationName = Release;
		};
		BDF9A84A1E71D23B00E184BF /* Build configuration list for PBXNativeTarget "Goldfish" */ = {
			isa = XCConfigurationList;
			buildConfigurations = (
				BDF9A84B1E71D23B00E184BF /* Debug */,
				BDF9A84C1E71D23B00E184BF /* Release */,
			);
			defaultConfigurationIsVisible = 0;
			defaultConfigurationName = Release;
		};
		BDF9A8631E71D60200E184BF /* Build configuration list for PBXNativeTarget "Project" */ = {
			isa = XCConfigurationList;
			buildConfigurations = (
				BDF9A8611E71D60200E184BF /* Debug */,
				BDF9A8621E71D60200E184BF /* Release */,
			);
			defaultConfigurationIsVisible = 0;
			defaultConfigurationName = Release;
		};
/* End XCConfigurationList section */
	};
	rootObject = BDF9A8351E71D23B00E184BF /* Project object */;
}
