// !$*UTF8*$!
{
	archiveVersion = 1;
	classes = {
	};
	objectVersion = 46;
	objects = {

/* Begin PBXBuildFile section */
		BD270ABD18B7AF2100B81773 /* Cocoa.framework in Frameworks */ = {isa = PBXBuildFile; fileRef = BD270ABC18B7AF2100B81773 /* Cocoa.framework */; };
		BD270AC718B7AF2100B81773 /* InfoPlist.strings in Resources */ = {isa = PBXBuildFile; fileRef = BD270AC518B7AF2100B81773 /* InfoPlist.strings */; };
		BD270AC918B7AF2100B81773 /* main.m in Sources */ = {isa = PBXBuildFile; fileRef = BD270AC818B7AF2100B81773 /* main.m */; };
		BD270ACD18B7AF2100B81773 /* Credits.rtf in Resources */ = {isa = PBXBuildFile; fileRef = BD270ACB18B7AF2100B81773 /* Credits.rtf */; };
		BD270AD018B7AF2100B81773 /* HYPAppDelegate.m in Sources */ = {isa = PBXBuildFile; fileRef = BD270ACF18B7AF2100B81773 /* HYPAppDelegate.m */; };
		BD270AD318B7AF2100B81773 /* MainMenu.xib in Resources */ = {isa = PBXBuildFile; fileRef = BD270AD118B7AF2100B81773 /* MainMenu.xib */; };
		BD270AD518B7AF2100B81773 /* Images.xcassets in Resources */ = {isa = PBXBuildFile; fileRef = BD270AD418B7AF2100B81773 /* Images.xcassets */; };
		BD270ADC18B7AF2100B81773 /* XCTest.framework in Frameworks */ = {isa = PBXBuildFile; fileRef = BD270ADB18B7AF2100B81773 /* XCTest.framework */; };
		BD270ADD18B7AF2100B81773 /* Cocoa.framework in Frameworks */ = {isa = PBXBuildFile; fileRef = BD270ABC18B7AF2100B81773 /* Cocoa.framework */; };
		BD270AE518B7AF2100B81773 /* InfoPlist.strings in Resources */ = {isa = PBXBuildFile; fileRef = BD270AE318B7AF2100B81773 /* InfoPlist.strings */; };
		BD270AE718B7AF2100B81773 /* Hyper_ActiveTests.m in Sources */ = {isa = PBXBuildFile; fileRef = BD270AE618B7AF2100B81773 /* Hyper_ActiveTests.m */; };
		BD270AF218B7B73A00B81773 /* HYPPlugInsController.m in Sources */ = {isa = PBXBuildFile; fileRef = BD270AF118B7B73A00B81773 /* HYPPlugInsController.m */; };
		BD270AF518B7B8E200B81773 /* HYPPlugInsLoader.m in Sources */ = {isa = PBXBuildFile; fileRef = BD270AF418B7B8E200B81773 /* HYPPlugInsLoader.m */; };
		BDDE4B8318BD1FDD00DFF497 /* Git.bundle in CopyFiles */ = {isa = PBXBuildFile; fileRef = BDDE4B7B18BD1EF500DFF497 /* Git.bundle */; };
		BDF2412418BA7CBA004E3BB9 /* Calendar.bundle in CopyFiles */ = {isa = PBXBuildFile; fileRef = BD270AFE18BA7C5B00B81773 /* Calendar.bundle */; };
/* End PBXBuildFile section */

/* Begin PBXContainerItemProxy section */
		BD270ADE18B7AF2100B81773 /* PBXContainerItemProxy */ = {
			isa = PBXContainerItemProxy;
			containerPortal = BD270AB118B7AF2100B81773 /* Project object */;
			proxyType = 1;
			remoteGlobalIDString = BD270AB818B7AF2100B81773;
			remoteInfo = "Hyper Active";
		};
		BD270AFD18BA7C5B00B81773 /* PBXContainerItemProxy */ = {
			isa = PBXContainerItemProxy;
			containerPortal = BDF2411018BA7641004E3BB9 /* Calendar.xcodeproj */;
			proxyType = 2;
			remoteGlobalIDString = BDF240FB18BA7641004E3BB9;
			remoteInfo = Calendar;
		};
		BDDE4B7A18BD1EF500DFF497 /* PBXContainerItemProxy */ = {
			isa = PBXContainerItemProxy;
			containerPortal = BDDE4B7618BD1EF500DFF497 /* Git.xcodeproj */;
			proxyType = 2;
			remoteGlobalIDString = BDDE4B6118BD1EF400DFF497;
			remoteInfo = Git;
		};
		BDDE4B8118BD1FDA00DFF497 /* PBXContainerItemProxy */ = {
			isa = PBXContainerItemProxy;
			containerPortal = BDDE4B7618BD1EF500DFF497 /* Git.xcodeproj */;
			proxyType = 1;
			remoteGlobalIDString = BDDE4B6018BD1EF400DFF497;
			remoteInfo = Git;
		};
		BDF2412518BA7D36004E3BB9 /* PBXContainerItemProxy */ = {
			isa = PBXContainerItemProxy;
			containerPortal = BDF2411018BA7641004E3BB9 /* Calendar.xcodeproj */;
			proxyType = 1;
			remoteGlobalIDString = BDF240FA18BA7641004E3BB9;
			remoteInfo = Calendar;
		};
/* End PBXContainerItemProxy section */

/* Begin PBXCopyFilesBuildPhase section */
		BDF2411E18BA7720004E3BB9 /* CopyFiles */ = {
			isa = PBXCopyFilesBuildPhase;
			buildActionMask = 2147483647;
			dstPath = "";
			dstSubfolderSpec = 13;
			files = (
				BDDE4B8318BD1FDD00DFF497 /* Git.bundle in CopyFiles */,
				BDF2412418BA7CBA004E3BB9 /* Calendar.bundle in CopyFiles */,
			);
			runOnlyForDeploymentPostprocessing = 0;
		};
/* End PBXCopyFilesBuildPhase section */

/* Begin PBXFileReference section */
		BD270AB918B7AF2100B81773 /* Hyper Active.app */ = {isa = PBXFileReference; explicitFileType = wrapper.application; includeInIndex = 0; path = "Hyper Active.app"; sourceTree = BUILT_PRODUCTS_DIR; };
		BD270ABC18B7AF2100B81773 /* Cocoa.framework */ = {isa = PBXFileReference; lastKnownFileType = wrapper.framework; name = Cocoa.framework; path = System/Library/Frameworks/Cocoa.framework; sourceTree = SDKROOT; };
		BD270ABF18B7AF2100B81773 /* AppKit.framework */ = {isa = PBXFileReference; lastKnownFileType = wrapper.framework; name = AppKit.framework; path = System/Library/Frameworks/AppKit.framework; sourceTree = SDKROOT; };
		BD270AC018B7AF2100B81773 /* CoreData.framework */ = {isa = PBXFileReference; lastKnownFileType = wrapper.framework; name = CoreData.framework; path = System/Library/Frameworks/CoreData.framework; sourceTree = SDKROOT; };
		BD270AC118B7AF2100B81773 /* Foundation.framework */ = {isa = PBXFileReference; lastKnownFileType = wrapper.framework; name = Foundation.framework; path = System/Library/Frameworks/Foundation.framework; sourceTree = SDKROOT; };
		BD270AC418B7AF2100B81773 /* Hyper Active-Info.plist */ = {isa = PBXFileReference; lastKnownFileType = text.plist.xml; path = "Hyper Active-Info.plist"; sourceTree = "<group>"; };
		BD270AC618B7AF2100B81773 /* en */ = {isa = PBXFileReference; lastKnownFileType = text.plist.strings; name = en; path = en.lproj/InfoPlist.strings; sourceTree = "<group>"; };
		BD270AC818B7AF2100B81773 /* main.m */ = {isa = PBXFileReference; lastKnownFileType = sourcecode.c.objc; path = main.m; sourceTree = "<group>"; };
		BD270ACA18B7AF2100B81773 /* Hyper Active-Prefix.pch */ = {isa = PBXFileReference; lastKnownFileType = sourcecode.c.h; path = "Hyper Active-Prefix.pch"; sourceTree = "<group>"; };
		BD270ACC18B7AF2100B81773 /* en */ = {isa = PBXFileReference; lastKnownFileType = text.rtf; name = en; path = en.lproj/Credits.rtf; sourceTree = "<group>"; };
		BD270ACE18B7AF2100B81773 /* HYPAppDelegate.h */ = {isa = PBXFileReference; lastKnownFileType = sourcecode.c.h; path = HYPAppDelegate.h; sourceTree = "<group>"; };
		BD270ACF18B7AF2100B81773 /* HYPAppDelegate.m */ = {isa = PBXFileReference; lastKnownFileType = sourcecode.c.objc; path = HYPAppDelegate.m; sourceTree = "<group>"; };
		BD270AD218B7AF2100B81773 /* Base */ = {isa = PBXFileReference; lastKnownFileType = file.xib; name = Base; path = Base.lproj/MainMenu.xib; sourceTree = "<group>"; };
		BD270AD418B7AF2100B81773 /* Images.xcassets */ = {isa = PBXFileReference; lastKnownFileType = folder.assetcatalog; path = Images.xcassets; sourceTree = "<group>"; };
		BD270ADA18B7AF2100B81773 /* Hyper ActiveTests.xctest */ = {isa = PBXFileReference; explicitFileType = wrapper.cfbundle; includeInIndex = 0; path = "Hyper ActiveTests.xctest"; sourceTree = BUILT_PRODUCTS_DIR; };
		BD270ADB18B7AF2100B81773 /* XCTest.framework */ = {isa = PBXFileReference; lastKnownFileType = wrapper.framework; name = XCTest.framework; path = Library/Frameworks/XCTest.framework; sourceTree = DEVELOPER_DIR; };
		BD270AE218B7AF2100B81773 /* Hyper ActiveTests-Info.plist */ = {isa = PBXFileReference; lastKnownFileType = text.plist.xml; path = "Hyper ActiveTests-Info.plist"; sourceTree = "<group>"; };
		BD270AE418B7AF2100B81773 /* en */ = {isa = PBXFileReference; lastKnownFileType = text.plist.strings; name = en; path = en.lproj/InfoPlist.strings; sourceTree = "<group>"; };
		BD270AE618B7AF2100B81773 /* Hyper_ActiveTests.m */ = {isa = PBXFileReference; lastKnownFileType = sourcecode.c.objc; path = Hyper_ActiveTests.m; sourceTree = "<group>"; };
		BD270AF018B7B73A00B81773 /* HYPPlugInsController.h */ = {isa = PBXFileReference; fileEncoding = 4; lastKnownFileType = sourcecode.c.h; path = HYPPlugInsController.h; sourceTree = "<group>"; };
		BD270AF118B7B73A00B81773 /* HYPPlugInsController.m */ = {isa = PBXFileReference; fileEncoding = 4; lastKnownFileType = sourcecode.c.objc; path = HYPPlugInsController.m; sourceTree = "<group>"; };
		BD270AF318B7B8E200B81773 /* HYPPlugInsLoader.h */ = {isa = PBXFileReference; fileEncoding = 4; lastKnownFileType = sourcecode.c.h; path = HYPPlugInsLoader.h; sourceTree = "<group>"; };
		BD270AF418B7B8E200B81773 /* HYPPlugInsLoader.m */ = {isa = PBXFileReference; fileEncoding = 4; lastKnownFileType = sourcecode.c.objc; path = HYPPlugInsLoader.m; sourceTree = "<group>"; };
		BDDE4B7618BD1EF500DFF497 /* Git.xcodeproj */ = {isa = PBXFileReference; lastKnownFileType = "wrapper.pb-project"; name = Git.xcodeproj; path = PlugIns/Git/Git.xcodeproj; sourceTree = "<group>"; };
		BDF240F118BA7134004E3BB9 /* HYPPlugIn.h */ = {isa = PBXFileReference; lastKnownFileType = sourcecode.c.h; path = HYPPlugIn.h; sourceTree = "<group>"; };
		BDF2411018BA7641004E3BB9 /* Calendar.xcodeproj */ = {isa = PBXFileReference; lastKnownFileType = "wrapper.pb-project"; name = Calendar.xcodeproj; path = PlugIns/Calendar.waddup/Calendar.xcodeproj; sourceTree = "<group>"; };
/* End PBXFileReference section */

/* Begin PBXFrameworksBuildPhase section */
		BD270AB618B7AF2100B81773 /* Frameworks */ = {
			isa = PBXFrameworksBuildPhase;
			buildActionMask = 2147483647;
			files = (
				BD270ABD18B7AF2100B81773 /* Cocoa.framework in Frameworks */,
			);
			runOnlyForDeploymentPostprocessing = 0;
		};
		BD270AD718B7AF2100B81773 /* Frameworks */ = {
			isa = PBXFrameworksBuildPhase;
			buildActionMask = 2147483647;
			files = (
				BD270ADD18B7AF2100B81773 /* Cocoa.framework in Frameworks */,
				BD270ADC18B7AF2100B81773 /* XCTest.framework in Frameworks */,
			);
			runOnlyForDeploymentPostprocessing = 0;
		};
/* End PBXFrameworksBuildPhase section */

/* Begin PBXGroup section */
		BD270AB018B7AF2100B81773 = {
			isa = PBXGroup;
			children = (
				BDDE4B7618BD1EF500DFF497 /* Git.xcodeproj */,
				BDF2411018BA7641004E3BB9 /* Calendar.xcodeproj */,
				BD270AC218B7AF2100B81773 /* Hyper Active */,
				BD270AE018B7AF2100B81773 /* Hyper ActiveTests */,
				BD270ABB18B7AF2100B81773 /* Frameworks */,
				BD270ABA18B7AF2100B81773 /* Products */,
			);
			sourceTree = "<group>";
		};
		BD270ABA18B7AF2100B81773 /* Products */ = {
			isa = PBXGroup;
			children = (
				BD270AB918B7AF2100B81773 /* Hyper Active.app */,
				BD270ADA18B7AF2100B81773 /* Hyper ActiveTests.xctest */,
			);
			name = Products;
			sourceTree = "<group>";
		};
		BD270ABB18B7AF2100B81773 /* Frameworks */ = {
			isa = PBXGroup;
			children = (
				BD270ABC18B7AF2100B81773 /* Cocoa.framework */,
				BD270ADB18B7AF2100B81773 /* XCTest.framework */,
				BD270ABE18B7AF2100B81773 /* Other Frameworks */,
			);
			name = Frameworks;
			sourceTree = "<group>";
		};
		BD270ABE18B7AF2100B81773 /* Other Frameworks */ = {
			isa = PBXGroup;
			children = (
				BD270ABF18B7AF2100B81773 /* AppKit.framework */,
				BD270AC018B7AF2100B81773 /* CoreData.framework */,
				BD270AC118B7AF2100B81773 /* Foundation.framework */,
			);
			name = "Other Frameworks";
			sourceTree = "<group>";
		};
		BD270AC218B7AF2100B81773 /* Hyper Active */ = {
			isa = PBXGroup;
			children = (
				BD270ACE18B7AF2100B81773 /* HYPAppDelegate.h */,
				BDF240F118BA7134004E3BB9 /* HYPPlugIn.h */,
				BD270ACF18B7AF2100B81773 /* HYPAppDelegate.m */,
				BD270AF018B7B73A00B81773 /* HYPPlugInsController.h */,
				BD270AF118B7B73A00B81773 /* HYPPlugInsController.m */,
				BD270AF318B7B8E200B81773 /* HYPPlugInsLoader.h */,
				BD270AF418B7B8E200B81773 /* HYPPlugInsLoader.m */,
				BD270AD118B7AF2100B81773 /* MainMenu.xib */,
				BD270AD418B7AF2100B81773 /* Images.xcassets */,
				BD270AC318B7AF2100B81773 /* Supporting Files */,
			);
			path = "Hyper Active";
			sourceTree = "<group>";
		};
		BD270AC318B7AF2100B81773 /* Supporting Files */ = {
			isa = PBXGroup;
			children = (
				BD270AC418B7AF2100B81773 /* Hyper Active-Info.plist */,
				BD270AC518B7AF2100B81773 /* InfoPlist.strings */,
				BD270AC818B7AF2100B81773 /* main.m */,
				BD270ACA18B7AF2100B81773 /* Hyper Active-Prefix.pch */,
				BD270ACB18B7AF2100B81773 /* Credits.rtf */,
			);
			name = "Supporting Files";
			sourceTree = "<group>";
		};
		BD270AE018B7AF2100B81773 /* Hyper ActiveTests */ = {
			isa = PBXGroup;
			children = (
				BD270AE618B7AF2100B81773 /* Hyper_ActiveTests.m */,
				BD270AE118B7AF2100B81773 /* Supporting Files */,
			);
			path = "Hyper ActiveTests";
			sourceTree = "<group>";
		};
		BD270AE118B7AF2100B81773 /* Supporting Files */ = {
			isa = PBXGroup;
			children = (
				BD270AE218B7AF2100B81773 /* Hyper ActiveTests-Info.plist */,
				BD270AE318B7AF2100B81773 /* InfoPlist.strings */,
			);
			name = "Supporting Files";
			sourceTree = "<group>";
		};
		BD270AFA18BA7C5B00B81773 /* Products */ = {
			isa = PBXGroup;
			children = (
				BD270AFE18BA7C5B00B81773 /* Calendar.bundle */,
			);
			name = Products;
			sourceTree = "<group>";
		};
		BDDE4B7718BD1EF500DFF497 /* Products */ = {
			isa = PBXGroup;
			children = (
				BDDE4B7B18BD1EF500DFF497 /* Git.bundle */,
			);
			name = Products;
			sourceTree = "<group>";
		};
/* End PBXGroup section */

/* Begin PBXNativeTarget section */
		BD270AB818B7AF2100B81773 /* Hyper Active */ = {
			isa = PBXNativeTarget;
			buildConfigurationList = BD270AEA18B7AF2100B81773 /* Build configuration list for PBXNativeTarget "Hyper Active" */;
			buildPhases = (
				BD270AB518B7AF2100B81773 /* Sources */,
				BD270AB618B7AF2100B81773 /* Frameworks */,
				BD270AB718B7AF2100B81773 /* Resources */,
				BDF2411E18BA7720004E3BB9 /* CopyFiles */,
			);
			buildRules = (
			);
			dependencies = (
				BDDE4B8218BD1FDA00DFF497 /* PBXTargetDependency */,
				BDF2412618BA7D36004E3BB9 /* PBXTargetDependency */,
			);
			name = "Hyper Active";
			productName = "Hyper Active";
			productReference = BD270AB918B7AF2100B81773 /* Hyper Active.app */;
			productType = "com.apple.product-type.application";
		};
		BD270AD918B7AF2100B81773 /* Hyper ActiveTests */ = {
			isa = PBXNativeTarget;
			buildConfigurationList = BD270AED18B7AF2100B81773 /* Build configuration list for PBXNativeTarget "Hyper ActiveTests" */;
			buildPhases = (
				BD270AD618B7AF2100B81773 /* Sources */,
				BD270AD718B7AF2100B81773 /* Frameworks */,
				BD270AD818B7AF2100B81773 /* Resources */,
			);
			buildRules = (
			);
			dependencies = (
				BD270ADF18B7AF2100B81773 /* PBXTargetDependency */,
			);
			name = "Hyper ActiveTests";
			productName = "Hyper ActiveTests";
			productReference = BD270ADA18B7AF2100B81773 /* Hyper ActiveTests.xctest */;
			productType = "com.apple.product-type.bundle.unit-test";
		};
/* End PBXNativeTarget section */

/* Begin PBXProject section */
		BD270AB118B7AF2100B81773 /* Project object */ = {
			isa = PBXProject;
			attributes = {
				CLASSPREFIX = HYP;
				LastUpgradeCheck = 0500;
				ORGANIZATIONNAME = Hyper;
				TargetAttributes = {
					BD270AD918B7AF2100B81773 = {
						TestTargetID = BD270AB818B7AF2100B81773;
					};
				};
			};
			buildConfigurationList = BD270AB418B7AF2100B81773 /* Build configuration list for PBXProject "Hyper Active" */;
			compatibilityVersion = "Xcode 3.2";
			developmentRegion = English;
			hasScannedForEncodings = 0;
			knownRegions = (
				en,
				Base,
			);
			mainGroup = BD270AB018B7AF2100B81773;
			productRefGroup = BD270ABA18B7AF2100B81773 /* Products */;
			projectDirPath = "";
			projectReferences = (
				{
					ProductGroup = BD270AFA18BA7C5B00B81773 /* Products */;
					ProjectRef = BDF2411018BA7641004E3BB9 /* Calendar.xcodeproj */;
				},
				{
					ProductGroup = BDDE4B7718BD1EF500DFF497 /* Products */;
					ProjectRef = BDDE4B7618BD1EF500DFF497 /* Git.xcodeproj */;
				},
			);
			projectRoot = "";
			targets = (
				BD270AB818B7AF2100B81773 /* Hyper Active */,
				BD270AD918B7AF2100B81773 /* Hyper ActiveTests */,
			);
		};
/* End PBXProject section */

/* Begin PBXReferenceProxy section */
		BD270AFE18BA7C5B00B81773 /* Calendar.bundle */ = {
			isa = PBXReferenceProxy;
			fileType = wrapper.cfbundle;
			path = Calendar.bundle;
			remoteRef = BD270AFD18BA7C5B00B81773 /* PBXContainerItemProxy */;
			sourceTree = BUILT_PRODUCTS_DIR;
		};
		BDDE4B7B18BD1EF500DFF497 /* Git.bundle */ = {
			isa = PBXReferenceProxy;
			fileType = wrapper.cfbundle;
			path = Git.bundle;
			remoteRef = BDDE4B7A18BD1EF500DFF497 /* PBXContainerItemProxy */;
			sourceTree = BUILT_PRODUCTS_DIR;
		};
/* End PBXReferenceProxy section */

/* Begin PBXResourcesBuildPhase section */
		BD270AB718B7AF2100B81773 /* Resources */ = {
			isa = PBXResourcesBuildPhase;
			buildActionMask = 2147483647;
			files = (
				BD270AC718B7AF2100B81773 /* InfoPlist.strings in Resources */,
				BD270AD518B7AF2100B81773 /* Images.xcassets in Resources */,
				BD270ACD18B7AF2100B81773 /* Credits.rtf in Resources */,
				BD270AD318B7AF2100B81773 /* MainMenu.xib in Resources */,
			);
			runOnlyForDeploymentPostprocessing = 0;
		};
		BD270AD818B7AF2100B81773 /* Resources */ = {
			isa = PBXResourcesBuildPhase;
			buildActionMask = 2147483647;
			files = (
				BD270AE518B7AF2100B81773 /* InfoPlist.strings in Resources */,
			);
			runOnlyForDeploymentPostprocessing = 0;
		};
/* End PBXResourcesBuildPhase section */

/* Begin PBXSourcesBuildPhase section */
		BD270AB518B7AF2100B81773 /* Sources */ = {
			isa = PBXSourcesBuildPhase;
			buildActionMask = 2147483647;
			files = (
				BD270AD018B7AF2100B81773 /* HYPAppDelegate.m in Sources */,
				BD270AC918B7AF2100B81773 /* main.m in Sources */,
				BD270AF218B7B73A00B81773 /* HYPPlugInsController.m in Sources */,
				BD270AF518B7B8E200B81773 /* HYPPlugInsLoader.m in Sources */,
			);
			runOnlyForDeploymentPostprocessing = 0;
		};
		BD270AD618B7AF2100B81773 /* Sources */ = {
			isa = PBXSourcesBuildPhase;
			buildActionMask = 2147483647;
			files = (
				BD270AE718B7AF2100B81773 /* Hyper_ActiveTests.m in Sources */,
			);
			runOnlyForDeploymentPostprocessing = 0;
		};
/* End PBXSourcesBuildPhase section */

/* Begin PBXTargetDependency section */
		BD270ADF18B7AF2100B81773 /* PBXTargetDependency */ = {
			isa = PBXTargetDependency;
			target = BD270AB818B7AF2100B81773 /* Hyper Active */;
			targetProxy = BD270ADE18B7AF2100B81773 /* PBXContainerItemProxy */;
		};
		BDDE4B8218BD1FDA00DFF497 /* PBXTargetDependency */ = {
			isa = PBXTargetDependency;
			name = Git;
			targetProxy = BDDE4B8118BD1FDA00DFF497 /* PBXContainerItemProxy */;
		};
		BDF2412618BA7D36004E3BB9 /* PBXTargetDependency */ = {
			isa = PBXTargetDependency;
			name = Calendar;
			targetProxy = BDF2412518BA7D36004E3BB9 /* PBXContainerItemProxy */;
		};
/* End PBXTargetDependency section */

/* Begin PBXVariantGroup section */
		BD270AC518B7AF2100B81773 /* InfoPlist.strings */ = {
			isa = PBXVariantGroup;
			children = (
				BD270AC618B7AF2100B81773 /* en */,
			);
			name = InfoPlist.strings;
			sourceTree = "<group>";
		};
		BD270ACB18B7AF2100B81773 /* Credits.rtf */ = {
			isa = PBXVariantGroup;
			children = (
				BD270ACC18B7AF2100B81773 /* en */,
			);
			name = Credits.rtf;
			sourceTree = "<group>";
		};
		BD270AD118B7AF2100B81773 /* MainMenu.xib */ = {
			isa = PBXVariantGroup;
			children = (
				BD270AD218B7AF2100B81773 /* Base */,
			);
			name = MainMenu.xib;
			sourceTree = "<group>";
		};
		BD270AE318B7AF2100B81773 /* InfoPlist.strings */ = {
			isa = PBXVariantGroup;
			children = (
				BD270AE418B7AF2100B81773 /* en */,
			);
			name = InfoPlist.strings;
			sourceTree = "<group>";
		};
/* End PBXVariantGroup section */

/* Begin XCBuildConfiguration section */
		BD270AE818B7AF2100B81773 /* Debug */ = {
			isa = XCBuildConfiguration;
			buildSettings = {
				ALWAYS_SEARCH_USER_PATHS = NO;
				CLANG_CXX_LANGUAGE_STANDARD = "gnu++0x";
				CLANG_CXX_LIBRARY = "libc++";
				CLANG_ENABLE_OBJC_ARC = YES;
				CLANG_WARN_BOOL_CONVERSION = YES;
				CLANG_WARN_CONSTANT_CONVERSION = YES;
				CLANG_WARN_DIRECT_OBJC_ISA_USAGE = YES_ERROR;
				CLANG_WARN_EMPTY_BODY = YES;
				CLANG_WARN_ENUM_CONVERSION = YES;
				CLANG_WARN_INT_CONVERSION = YES;
				CLANG_WARN_OBJC_ROOT_CLASS = YES_ERROR;
				CLANG_WARN__DUPLICATE_METHOD_MATCH = YES;
				COPY_PHASE_STRIP = NO;
				GCC_C_LANGUAGE_STANDARD = gnu99;
				GCC_DYNAMIC_NO_PIC = NO;
				GCC_ENABLE_OBJC_EXCEPTIONS = YES;
				GCC_OPTIMIZATION_LEVEL = 0;
				GCC_PREPROCESSOR_DEFINITIONS = (
					"DEBUG=1",
					"$(inherited)",
				);
				GCC_SYMBOLS_PRIVATE_EXTERN = NO;
				GCC_WARN_64_TO_32_BIT_CONVERSION = YES;
				GCC_WARN_ABOUT_RETURN_TYPE = YES_ERROR;
				GCC_WARN_UNDECLARED_SELECTOR = YES;
				GCC_WARN_UNINITIALIZED_AUTOS = YES;
				GCC_WARN_UNUSED_FUNCTION = YES;
				GCC_WARN_UNUSED_VARIABLE = YES;
				MACOSX_DEPLOYMENT_TARGET = 10.9;
				ONLY_ACTIVE_ARCH = YES;
				SDKROOT = macosx;
			};
			name = Debug;
		};
		BD270AE918B7AF2100B81773 /* Release */ = {
			isa = XCBuildConfiguration;
			buildSettings = {
				ALWAYS_SEARCH_USER_PATHS = NO;
				CLANG_CXX_LANGUAGE_STANDARD = "gnu++0x";
				CLANG_CXX_LIBRARY = "libc++";
				CLANG_ENABLE_OBJC_ARC = YES;
				CLANG_WARN_BOOL_CONVERSION = YES;
				CLANG_WARN_CONSTANT_CONVERSION = YES;
				CLANG_WARN_DIRECT_OBJC_ISA_USAGE = YES_ERROR;
				CLANG_WARN_EMPTY_BODY = YES;
				CLANG_WARN_ENUM_CONVERSION = YES;
				CLANG_WARN_INT_CONVERSION = YES;
				CLANG_WARN_OBJC_ROOT_CLASS = YES_ERROR;
				CLANG_WARN__DUPLICATE_METHOD_MATCH = YES;
				COPY_PHASE_STRIP = YES;
				DEBUG_INFORMATION_FORMAT = "dwarf-with-dsym";
				ENABLE_NS_ASSERTIONS = NO;
				GCC_C_LANGUAGE_STANDARD = gnu99;
				GCC_ENABLE_OBJC_EXCEPTIONS = YES;
				GCC_WARN_64_TO_32_BIT_CONVERSION = YES;
				GCC_WARN_ABOUT_RETURN_TYPE = YES_ERROR;
				GCC_WARN_UNDECLARED_SELECTOR = YES;
				GCC_WARN_UNINITIALIZED_AUTOS = YES;
				GCC_WARN_UNUSED_FUNCTION = YES;
				GCC_WARN_UNUSED_VARIABLE = YES;
				MACOSX_DEPLOYMENT_TARGET = 10.9;
				SDKROOT = macosx;
			};
			name = Release;
		};
		BD270AEB18B7AF2100B81773 /* Debug */ = {
			isa = XCBuildConfiguration;
			buildSettings = {
				ASSETCATALOG_COMPILER_APPICON_NAME = AppIcon;
				COMBINE_HIDPI_IMAGES = YES;
				GCC_PRECOMPILE_PREFIX_HEADER = YES;
				GCC_PREFIX_HEADER = "Hyper Active/Hyper Active-Prefix.pch";
				INFOPLIST_FILE = "Hyper Active/Hyper Active-Info.plist";
				PRODUCT_NAME = "$(TARGET_NAME)";
				WRAPPER_EXTENSION = app;
			};
			name = Debug;
		};
		BD270AEC18B7AF2100B81773 /* Release */ = {
			isa = XCBuildConfiguration;
			buildSettings = {
				ASSETCATALOG_COMPILER_APPICON_NAME = AppIcon;
				COMBINE_HIDPI_IMAGES = YES;
				GCC_PRECOMPILE_PREFIX_HEADER = YES;
				GCC_PREFIX_HEADER = "Hyper Active/Hyper Active-Prefix.pch";
				INFOPLIST_FILE = "Hyper Active/Hyper Active-Info.plist";
				PRODUCT_NAME = "$(TARGET_NAME)";
				WRAPPER_EXTENSION = app;
			};
			name = Release;
		};
		BD270AEE18B7AF2100B81773 /* Debug */ = {
			isa = XCBuildConfiguration;
			buildSettings = {
				BUNDLE_LOADER = "$(BUILT_PRODUCTS_DIR)/Hyper Active.app/Contents/MacOS/Hyper Active";
				COMBINE_HIDPI_IMAGES = YES;
				FRAMEWORK_SEARCH_PATHS = (
					"$(DEVELOPER_FRAMEWORKS_DIR)",
					"$(inherited)",
				);
				GCC_PRECOMPILE_PREFIX_HEADER = YES;
				GCC_PREFIX_HEADER = "Hyper Active/Hyper Active-Prefix.pch";
				GCC_PREPROCESSOR_DEFINITIONS = (
					"DEBUG=1",
					"$(inherited)",
				);
				INFOPLIST_FILE = "Hyper ActiveTests/Hyper ActiveTests-Info.plist";
				PRODUCT_NAME = "$(TARGET_NAME)";
				TEST_HOST = "$(BUNDLE_LOADER)";
				WRAPPER_EXTENSION = xctest;
			};
			name = Debug;
		};
		BD270AEF18B7AF2100B81773 /* Release */ = {
			isa = XCBuildConfiguration;
			buildSettings = {
				BUNDLE_LOADER = "$(BUILT_PRODUCTS_DIR)/Hyper Active.app/Contents/MacOS/Hyper Active";
				COMBINE_HIDPI_IMAGES = YES;
				FRAMEWORK_SEARCH_PATHS = (
					"$(DEVELOPER_FRAMEWORKS_DIR)",
					"$(inherited)",
				);
				GCC_PRECOMPILE_PREFIX_HEADER = YES;
				GCC_PREFIX_HEADER = "Hyper Active/Hyper Active-Prefix.pch";
				INFOPLIST_FILE = "Hyper ActiveTests/Hyper ActiveTests-Info.plist";
				PRODUCT_NAME = "$(TARGET_NAME)";
				TEST_HOST = "$(BUNDLE_LOADER)";
				WRAPPER_EXTENSION = xctest;
			};
			name = Release;
		};
/* End XCBuildConfiguration section */

/* Begin XCConfigurationList section */
		BD270AB418B7AF2100B81773 /* Build configuration list for PBXProject "Hyper Active" */ = {
			isa = XCConfigurationList;
			buildConfigurations = (
				BD270AE818B7AF2100B81773 /* Debug */,
				BD270AE918B7AF2100B81773 /* Release */,
			);
			defaultConfigurationIsVisible = 0;
			defaultConfigurationName = Release;
		};
		BD270AEA18B7AF2100B81773 /* Build configuration list for PBXNativeTarget "Hyper Active" */ = {
			isa = XCConfigurationList;
			buildConfigurations = (
				BD270AEB18B7AF2100B81773 /* Debug */,
				BD270AEC18B7AF2100B81773 /* Release */,
			);
			defaultConfigurationIsVisible = 0;
			defaultConfigurationName = Release;
		};
		BD270AED18B7AF2100B81773 /* Build configuration list for PBXNativeTarget "Hyper ActiveTests" */ = {
			isa = XCConfigurationList;
			buildConfigurations = (
				BD270AEE18B7AF2100B81773 /* Debug */,
				BD270AEF18B7AF2100B81773 /* Release */,
			);
			defaultConfigurationIsVisible = 0;
			defaultConfigurationName = Release;
		};
/* End XCConfigurationList section */
	};
	rootObject = BD270AB118B7AF2100B81773 /* Project object */;
}
